
Microsoft Visual Studio Solution File, Format Version 12.00
# Visual Studio Version 17
VisualStudioVersion = 17.8.34330.188
MinimumVisualStudioVersion = 10.0.40219.1
Project("{9A19103F-16F7-4668-BE54-9A1E7A4F7556}") = "PizzaStore", "PizzaStore\PizzaStore.csproj", "{784DAC25-F6C0-413F-A53D-AC81CABB7649}"
EndProject
Global
	GlobalSection(SolutionConfigurationPlatforms) = preSolution
		Debug|Any CPU = Debug|Any CPU
		Release|Any CPU = Release|Any CPU
	EndGlobalSection
	GlobalSection(ProjectConfigurationPlatforms) = postSolution
		{784DAC25-F6C0-413F-A53D-AC81CABB7649}.Debug|Any CPU.ActiveCfg = Debug|Any CPU
		{784DAC25-F6C0-413F-A53D-AC81CABB7649}.Debug|Any CPU.Build.0 = Debug|Any CPU
		{784DAC25-F6C0-413F-A53D-AC81CABB7649}.Release|Any CPU.ActiveCfg = Release|Any CPU
		{784DAC25-F6C0-413F-A53D-AC81CABB7649}.Release|Any CPU.Build.0 = Release|Any CPU
	EndGlobalSection
	GlobalSection(SolutionProperties) = preSolution
		HideSolutionNode = FALSE
	EndGlobalSection
	GlobalSection(ExtensibilityGlobals) = postSolution
		SolutionGuid = {055E90BB-3BF1-4101-9ABC-68461D23E1EF}
	EndGlobalSection
EndGlobal
